// !$*UTF8*$!
{
	archiveVersion = 1;
	classes = {
	};
	objectVersion = 46;
	objects = {

/* Begin PBXBuildFile section */
		59A68B26E307DB90E09D7C8A /* Platform.swift in Sources */ = {isa = PBXBuildFile; fileRef = 59A682D22ACFF03EE01BD0A5 /* Platform.swift */; };
		59A68EDB8A31F586CF8004E7 /* SpotifyTrackInfo.swift in Sources */ = {isa = PBXBuildFile; fileRef = 59A68190817C581FD7941EAA /* SpotifyTrackInfo.swift */; };
		D317D2471CA1B6ED0005F535 /* SpotifyAuthRenewalOperation.swift in Sources */ = {isa = PBXBuildFile; fileRef = D317D2461CA1B6ED0005F535 /* SpotifyAuthRenewalOperation.swift */; };
		D31AAFEC1CDF9F91005E1A0A /* UIGestureRecognizer+extension.swift in Sources */ = {isa = PBXBuildFile; fileRef = D31AAFEB1CDF9F91005E1A0A /* UIGestureRecognizer+extension.swift */; };
		D32228C71E915AC700791DB4 /* Alamofire.framework in Frameworks */ = {isa = PBXBuildFile; fileRef = D32228C61E915AC700791DB4 /* Alamofire.framework */; };
		D32228C91E915B0500791DB4 /* AlamofireImage.framework in Frameworks */ = {isa = PBXBuildFile; fileRef = D32228C81E915B0500791DB4 /* AlamofireImage.framework */; };
		D32228CB1E915B2500791DB4 /* CleanroomLogger.framework in Frameworks */ = {isa = PBXBuildFile; fileRef = D32228CA1E915B2500791DB4 /* CleanroomLogger.framework */; };
		D32228CD1E915B3000791DB4 /* Reachability.framework in Frameworks */ = {isa = PBXBuildFile; fileRef = D32228CC1E915B3000791DB4 /* Reachability.framework */; };
		D32EA3731CAAB2440024B598 /* UserSettingsViewController.swift in Sources */ = {isa = PBXBuildFile; fileRef = D32EA3721CAAB2440024B598 /* UserSettingsViewController.swift */; };
		D32FAC751CA42C960030AC71 /* SpotifyTrackMetadataOperation.swift in Sources */ = {isa = PBXBuildFile; fileRef = D32FAC741CA42C960030AC71 /* SpotifyTrackMetadataOperation.swift */; };
		D32FAC771CA42CEA0030AC71 /* ConcurrentOperation.swift in Sources */ = {isa = PBXBuildFile; fileRef = D32FAC761CA42CEA0030AC71 /* ConcurrentOperation.swift */; };
		D345FC471C8CDDA300F118B3 /* Array+extension.swift in Sources */ = {isa = PBXBuildFile; fileRef = D345FC461C8CDDA300F118B3 /* Array+extension.swift */; };
		D352855F1C9C986900F8DC94 /* PlaylistCreationViewController.swift in Sources */ = {isa = PBXBuildFile; fileRef = D352855E1C9C986900F8DC94 /* PlaylistCreationViewController.swift */; };
		D361C7281C90C1B9000B803E /* SongInfoViewController.swift in Sources */ = {isa = PBXBuildFile; fileRef = D361C7271C90C1B9000B803E /* SongInfoViewController.swift */; };
		D374821F1CA7D89D00193AD1 /* RefreshOperation.swift in Sources */ = {isa = PBXBuildFile; fileRef = D374821E1CA7D89D00193AD1 /* RefreshOperation.swift */; };
		D37482211CA7E1C600193AD1 /* ScrollViewRefreshControl.swift in Sources */ = {isa = PBXBuildFile; fileRef = D37482201CA7E1C600193AD1 /* ScrollViewRefreshControl.swift */; };
		D37482251CA8528500193AD1 /* ScrollViewRefreshManager.swift in Sources */ = {isa = PBXBuildFile; fileRef = D37482241CA8528500193AD1 /* ScrollViewRefreshManager.swift */; };
		D37482271CA8619100193AD1 /* RefreshControlView.swift in Sources */ = {isa = PBXBuildFile; fileRef = D37482261CA8619100193AD1 /* RefreshControlView.swift */; };
		D378C5101C9D8A87006A9BF0 /* String+extension.swift in Sources */ = {isa = PBXBuildFile; fileRef = D378C50F1C9D8A87006A9BF0 /* String+extension.swift */; };
		D379645F1C70C7B9001FC20E /* PlayedSongData.swift in Sources */ = {isa = PBXBuildFile; fileRef = D379645E1C70C7B9001FC20E /* PlayedSongData.swift */; };
		D37964611C70C862001FC20E /* Alamofire-extensions.swift in Sources */ = {isa = PBXBuildFile; fileRef = D37964601C70C862001FC20E /* Alamofire-extensions.swift */; };
		D37A85741C7CF5E700F7B805 /* UIColor+extension.swift in Sources */ = {isa = PBXBuildFile; fileRef = D37A85731C7CF5E700F7B805 /* UIColor+extension.swift */; };
		D37E06A61E7D89BC00FE818E /* SpotifyStreamingQualityViewController.swift in Sources */ = {isa = PBXBuildFile; fileRef = D37E06A51E7D89BC00FE818E /* SpotifyStreamingQualityViewController.swift */; };
		D37E06A81E7E872E00FE818E /* Spotify+extensions.swift in Sources */ = {isa = PBXBuildFile; fileRef = D37E06A71E7E872E00FE818E /* Spotify+extensions.swift */; };
		D38839FD1C9749AA001C4FE3 /* PlaylistViewController.swift in Sources */ = {isa = PBXBuildFile; fileRef = D38839FC1C9749AA001C4FE3 /* PlaylistViewController.swift */; };
		D38839FF1C974B03001C4FE3 /* PlaylistTableViewCell.swift in Sources */ = {isa = PBXBuildFile; fileRef = D38839FE1C974B03001C4FE3 /* PlaylistTableViewCell.swift */; };
		D3992AB01C7A0A870077DDA7 /* PlainHistoryTableViewCell.swift in Sources */ = {isa = PBXBuildFile; fileRef = D3992AAF1C7A0A870077DDA7 /* PlainHistoryTableViewCell.swift */; };
		D39992641C81E500008AECD4 /* UserSetting.swift in Sources */ = {isa = PBXBuildFile; fileRef = D39992631C81E4FF008AECD4 /* UserSetting.swift */; };
		D39DA47E1C91F29500FC12F8 /* AudioPlayerPlaylist.swift in Sources */ = {isa = PBXBuildFile; fileRef = D39DA47D1C91F29500FC12F8 /* AudioPlayerPlaylist.swift */; };
		D39DA4801C91FD9D00FC12F8 /* PlayedSongDataManager.swift in Sources */ = {isa = PBXBuildFile; fileRef = D39DA47F1C91FD9D00FC12F8 /* PlayedSongDataManager.swift */; };
		D39E6E051E9ABAA800E38162 /* ErrorRecordingOperation.swift in Sources */ = {isa = PBXBuildFile; fileRef = D39E6E041E9ABAA800E38162 /* ErrorRecordingOperation.swift */; };
		D3A9DF7E1C94B0F500141D06 /* AudioStatusObserver.swift in Sources */ = {isa = PBXBuildFile; fileRef = D3A9DF7D1C94B0F500141D06 /* AudioStatusObserver.swift */; };
		D3AD91101C7E0CA80076FE76 /* Utilities.swift in Sources */ = {isa = PBXBuildFile; fileRef = D3AD910F1C7E0CA80076FE76 /* Utilities.swift */; };
		D3B922D61C9B299200B60CE3 /* LocalPlaylistSongs.swift in Sources */ = {isa = PBXBuildFile; fileRef = D3B922D51C9B299200B60CE3 /* LocalPlaylistSongs.swift */; };
		D3BF38F41E38DD61001DF076 /* SpotifyAudioPlayback.framework in Frameworks */ = {isa = PBXBuildFile; fileRef = D3BF38F11E38DD61001DF076 /* SpotifyAudioPlayback.framework */; };
		D3BF38F51E38DD61001DF076 /* SpotifyAuthentication.framework in Frameworks */ = {isa = PBXBuildFile; fileRef = D3BF38F21E38DD61001DF076 /* SpotifyAuthentication.framework */; };
		D3BF38F61E38DD61001DF076 /* SpotifyMetadata.framework in Frameworks */ = {isa = PBXBuildFile; fileRef = D3BF38F31E38DD61001DF076 /* SpotifyMetadata.framework */; };
		D3C0CA7D1C6248E10055B650 /* AppDelegate.swift in Sources */ = {isa = PBXBuildFile; fileRef = D3C0CA7C1C6248E10055B650 /* AppDelegate.swift */; };
		D3C0CA821C6248E10055B650 /* Main.storyboard in Resources */ = {isa = PBXBuildFile; fileRef = D3C0CA801C6248E10055B650 /* Main.storyboard */; };
		D3C0CA851C6248E10055B650 /* rp2spot.xcdatamodeld in Sources */ = {isa = PBXBuildFile; fileRef = D3C0CA831C6248E10055B650 /* rp2spot.xcdatamodeld */; };
		D3C0CA871C6248E10055B650 /* Assets.xcassets in Resources */ = {isa = PBXBuildFile; fileRef = D3C0CA861C6248E10055B650 /* Assets.xcassets */; };
		D3C0CA8A1C6248E10055B650 /* LaunchScreen.storyboard in Resources */ = {isa = PBXBuildFile; fileRef = D3C0CA881C6248E10055B650 /* LaunchScreen.storyboard */; };
		D3C0CA951C6248E10055B650 /* rp2spotTests.swift in Sources */ = {isa = PBXBuildFile; fileRef = D3C0CA941C6248E10055B650 /* rp2spotTests.swift */; };
		D3C0CAA01C6248E10055B650 /* rp2spotUITests.swift in Sources */ = {isa = PBXBuildFile; fileRef = D3C0CA9F1C6248E10055B650 /* rp2spotUITests.swift */; };
		D3C96A581C8E291A00CABFE1 /* HistoryBrowserViewController.swift in Sources */ = {isa = PBXBuildFile; fileRef = D3C96A571C8E291A00CABFE1 /* HistoryBrowserViewController.swift */; };
		D3C98A061C86DCC700C2C9E4 /* HistoryDateSelectorViewController.swift in Sources */ = {isa = PBXBuildFile; fileRef = D3C98A051C86DCC700C2C9E4 /* HistoryDateSelectorViewController.swift */; };
		D3C98A091C86E5B800C2C9E4 /* DateSelectionAcceptingProtocol.swift in Sources */ = {isa = PBXBuildFile; fileRef = D3C98A081C86E5B800C2C9E4 /* DateSelectionAcceptingProtocol.swift */; };
		D3CEDF641E87CA89005BEF45 /* SpotifyAudioController.swift in Sources */ = {isa = PBXBuildFile; fileRef = D3CEDF631E87CA89005BEF45 /* SpotifyAudioController.swift */; };
		D3D6FF451C8DD65100B7E8A6 /* AudioPlayerViewController.swift in Sources */ = {isa = PBXBuildFile; fileRef = D3D6FF441C8DD65100B7E8A6 /* AudioPlayerViewController.swift */; };
		D3EF74F21CA40D75001A0662 /* SpotifyTrackInfoManager.swift in Sources */ = {isa = PBXBuildFile; fileRef = D3EF74F11CA40D75001A0662 /* SpotifyTrackInfoManager.swift */; };
		D3FC5E5C1C6F34B100443F68 /* AVFoundation.framework in Frameworks */ = {isa = PBXBuildFile; fileRef = D3FC5E5B1C6F34B100443F68 /* AVFoundation.framework */; };
		D3FC5E5E1C6F34CA00443F68 /* SystemConfiguration.framework in Frameworks */ = {isa = PBXBuildFile; fileRef = D3FC5E5D1C6F34CA00443F68 /* SystemConfiguration.framework */; };
		D3FC5E611C6F542F00443F68 /* CoreData.framework in Frameworks */ = {isa = PBXBuildFile; fileRef = D3FC5E601C6F542F00443F68 /* CoreData.framework */; };
		D3FC5E631C6F55F000443F68 /* CoreDataStack.swift in Sources */ = {isa = PBXBuildFile; fileRef = D3FC5E621C6F55F000443F68 /* CoreDataStack.swift */; };
		D3FC5E651C6F5AA100443F68 /* SpotifyClient.swift in Sources */ = {isa = PBXBuildFile; fileRef = D3FC5E641C6F5AA100443F68 /* SpotifyClient.swift */; };
		D3FC5E671C6F5C0C00443F68 /* Constant.swift in Sources */ = {isa = PBXBuildFile; fileRef = D3FC5E661C6F5C0C00443F68 /* Constant.swift */; };
		D3FC5E691C6FC2BF00443F68 /* Secrets.swift in Sources */ = {isa = PBXBuildFile; fileRef = D3FC5E681C6FC2BF00443F68 /* Secrets.swift */; };
		D3FC5E6D1C70A1C500443F68 /* RadioParadise.swift in Sources */ = {isa = PBXBuildFile; fileRef = D3FC5E6C1C70A1C500443F68 /* RadioParadise.swift */; };
		D3FC5E701C70A51000443F68 /* PlayedSong+CoreDataProperties.swift in Sources */ = {isa = PBXBuildFile; fileRef = D3FC5E6E1C70A51000443F68 /* PlayedSong+CoreDataProperties.swift */; };
		D3FC5E711C70A51000443F68 /* PlayedSong.swift in Sources */ = {isa = PBXBuildFile; fileRef = D3FC5E6F1C70A51000443F68 /* PlayedSong.swift */; };
		D3FC5E741C70AFF100443F68 /* Date.swift in Sources */ = {isa = PBXBuildFile; fileRef = D3FC5E731C70AFF100443F68 /* Date.swift */; };
/* End PBXBuildFile section */

/* Begin PBXContainerItemProxy section */
		D3C0CA911C6248E10055B650 /* PBXContainerItemProxy */ = {
			isa = PBXContainerItemProxy;
			containerPortal = D3C0CA711C6248E10055B650 /* Project object */;
			proxyType = 1;
			remoteGlobalIDString = D3C0CA781C6248E10055B650;
			remoteInfo = rp2spot;
		};
		D3C0CA9C1C6248E10055B650 /* PBXContainerItemProxy */ = {
			isa = PBXContainerItemProxy;
			containerPortal = D3C0CA711C6248E10055B650 /* Project object */;
			proxyType = 1;
			remoteGlobalIDString = D3C0CA781C6248E10055B650;
			remoteInfo = rp2spot;
		};
/* End PBXContainerItemProxy section */

/* Begin PBXFileReference section */
		59A68190817C581FD7941EAA /* SpotifyTrackInfo.swift */ = {isa = PBXFileReference; fileEncoding = 4; lastKnownFileType = sourcecode.swift; path = SpotifyTrackInfo.swift; sourceTree = "<group>"; };
		59A682D22ACFF03EE01BD0A5 /* Platform.swift */ = {isa = PBXFileReference; fileEncoding = 4; lastKnownFileType = sourcecode.swift; path = Platform.swift; sourceTree = "<group>"; };
		D317D2461CA1B6ED0005F535 /* SpotifyAuthRenewalOperation.swift */ = {isa = PBXFileReference; fileEncoding = 4; lastKnownFileType = sourcecode.swift; path = SpotifyAuthRenewalOperation.swift; sourceTree = "<group>"; };
		D31AAFEB1CDF9F91005E1A0A /* UIGestureRecognizer+extension.swift */ = {isa = PBXFileReference; fileEncoding = 4; lastKnownFileType = sourcecode.swift; path = "UIGestureRecognizer+extension.swift"; sourceTree = "<group>"; };
		D32228C61E915AC700791DB4 /* Alamofire.framework */ = {isa = PBXFileReference; lastKnownFileType = wrapper.framework; name = Alamofire.framework; path = Carthage/Build/iOS/Alamofire.framework; sourceTree = "<group>"; };
		D32228C81E915B0500791DB4 /* AlamofireImage.framework */ = {isa = PBXFileReference; lastKnownFileType = wrapper.framework; name = AlamofireImage.framework; path = Carthage/Build/iOS/AlamofireImage.framework; sourceTree = "<group>"; };
		D32228CA1E915B2500791DB4 /* CleanroomLogger.framework */ = {isa = PBXFileReference; lastKnownFileType = wrapper.framework; name = CleanroomLogger.framework; path = Carthage/Build/iOS/CleanroomLogger.framework; sourceTree = "<group>"; };
		D32228CC1E915B3000791DB4 /* Reachability.framework */ = {isa = PBXFileReference; lastKnownFileType = wrapper.framework; name = Reachability.framework; path = Carthage/Build/iOS/Reachability.framework; sourceTree = "<group>"; };
		D32EA3721CAAB2440024B598 /* UserSettingsViewController.swift */ = {isa = PBXFileReference; fileEncoding = 4; lastKnownFileType = sourcecode.swift; path = UserSettingsViewController.swift; sourceTree = "<group>"; };
		D32FAC741CA42C960030AC71 /* SpotifyTrackMetadataOperation.swift */ = {isa = PBXFileReference; fileEncoding = 4; lastKnownFileType = sourcecode.swift; path = SpotifyTrackMetadataOperation.swift; sourceTree = "<group>"; };
		D32FAC761CA42CEA0030AC71 /* ConcurrentOperation.swift */ = {isa = PBXFileReference; fileEncoding = 4; lastKnownFileType = sourcecode.swift; path = ConcurrentOperation.swift; sourceTree = "<group>"; };
		D345FC461C8CDDA300F118B3 /* Array+extension.swift */ = {isa = PBXFileReference; fileEncoding = 4; lastKnownFileType = sourcecode.swift; path = "Array+extension.swift"; sourceTree = "<group>"; };
		D352855E1C9C986900F8DC94 /* PlaylistCreationViewController.swift */ = {isa = PBXFileReference; fileEncoding = 4; lastKnownFileType = sourcecode.swift; path = PlaylistCreationViewController.swift; sourceTree = "<group>"; };
		D361C7271C90C1B9000B803E /* SongInfoViewController.swift */ = {isa = PBXFileReference; fileEncoding = 4; lastKnownFileType = sourcecode.swift; path = SongInfoViewController.swift; sourceTree = "<group>"; };
		D374821E1CA7D89D00193AD1 /* RefreshOperation.swift */ = {isa = PBXFileReference; fileEncoding = 4; lastKnownFileType = sourcecode.swift; path = RefreshOperation.swift; sourceTree = "<group>"; };
		D37482201CA7E1C600193AD1 /* ScrollViewRefreshControl.swift */ = {isa = PBXFileReference; fileEncoding = 4; lastKnownFileType = sourcecode.swift; path = ScrollViewRefreshControl.swift; sourceTree = "<group>"; };
		D37482241CA8528500193AD1 /* ScrollViewRefreshManager.swift */ = {isa = PBXFileReference; fileEncoding = 4; lastKnownFileType = sourcecode.swift; path = ScrollViewRefreshManager.swift; sourceTree = "<group>"; };
		D37482261CA8619100193AD1 /* RefreshControlView.swift */ = {isa = PBXFileReference; fileEncoding = 4; lastKnownFileType = sourcecode.swift; path = RefreshControlView.swift; sourceTree = "<group>"; };
		D378C50F1C9D8A87006A9BF0 /* String+extension.swift */ = {isa = PBXFileReference; fileEncoding = 4; lastKnownFileType = sourcecode.swift; path = "String+extension.swift"; sourceTree = "<group>"; };
		D379645E1C70C7B9001FC20E /* PlayedSongData.swift */ = {isa = PBXFileReference; fileEncoding = 4; lastKnownFileType = sourcecode.swift; path = PlayedSongData.swift; sourceTree = "<group>"; };
		D37964601C70C862001FC20E /* Alamofire-extensions.swift */ = {isa = PBXFileReference; fileEncoding = 4; lastKnownFileType = sourcecode.swift; path = "Alamofire-extensions.swift"; sourceTree = "<group>"; };
		D37A85731C7CF5E700F7B805 /* UIColor+extension.swift */ = {isa = PBXFileReference; fileEncoding = 4; lastKnownFileType = sourcecode.swift; path = "UIColor+extension.swift"; sourceTree = "<group>"; };
		D37E06A51E7D89BC00FE818E /* SpotifyStreamingQualityViewController.swift */ = {isa = PBXFileReference; fileEncoding = 4; lastKnownFileType = sourcecode.swift; path = SpotifyStreamingQualityViewController.swift; sourceTree = "<group>"; };
		D37E06A71E7E872E00FE818E /* Spotify+extensions.swift */ = {isa = PBXFileReference; fileEncoding = 4; lastKnownFileType = sourcecode.swift; path = "Spotify+extensions.swift"; sourceTree = "<group>"; };
		D38839FC1C9749AA001C4FE3 /* PlaylistViewController.swift */ = {isa = PBXFileReference; fileEncoding = 4; lastKnownFileType = sourcecode.swift; path = PlaylistViewController.swift; sourceTree = "<group>"; };
		D38839FE1C974B03001C4FE3 /* PlaylistTableViewCell.swift */ = {isa = PBXFileReference; fileEncoding = 4; lastKnownFileType = sourcecode.swift; path = PlaylistTableViewCell.swift; sourceTree = "<group>"; };
		D3992AAF1C7A0A870077DDA7 /* PlainHistoryTableViewCell.swift */ = {isa = PBXFileReference; fileEncoding = 4; lastKnownFileType = sourcecode.swift; path = PlainHistoryTableViewCell.swift; sourceTree = "<group>"; };
		D39992631C81E4FF008AECD4 /* UserSetting.swift */ = {isa = PBXFileReference; fileEncoding = 4; lastKnownFileType = sourcecode.swift; path = UserSetting.swift; sourceTree = "<group>"; };
		D39DA47D1C91F29500FC12F8 /* AudioPlayerPlaylist.swift */ = {isa = PBXFileReference; fileEncoding = 4; lastKnownFileType = sourcecode.swift; path = AudioPlayerPlaylist.swift; sourceTree = "<group>"; };
		D39DA47F1C91FD9D00FC12F8 /* PlayedSongDataManager.swift */ = {isa = PBXFileReference; fileEncoding = 4; lastKnownFileType = sourcecode.swift; path = PlayedSongDataManager.swift; sourceTree = "<group>"; };
		D39E6E041E9ABAA800E38162 /* ErrorRecordingOperation.swift */ = {isa = PBXFileReference; fileEncoding = 4; lastKnownFileType = sourcecode.swift; path = ErrorRecordingOperation.swift; sourceTree = "<group>"; };
		D3A9DF7D1C94B0F500141D06 /* AudioStatusObserver.swift */ = {isa = PBXFileReference; fileEncoding = 4; lastKnownFileType = sourcecode.swift; path = AudioStatusObserver.swift; sourceTree = "<group>"; };
		D3AD910F1C7E0CA80076FE76 /* Utilities.swift */ = {isa = PBXFileReference; fileEncoding = 4; lastKnownFileType = sourcecode.swift; path = Utilities.swift; sourceTree = "<group>"; };
		D3B922D51C9B299200B60CE3 /* LocalPlaylistSongs.swift */ = {isa = PBXFileReference; fileEncoding = 4; lastKnownFileType = sourcecode.swift; path = LocalPlaylistSongs.swift; sourceTree = "<group>"; };
		D3BF38F11E38DD61001DF076 /* SpotifyAudioPlayback.framework */ = {isa = PBXFileReference; lastKnownFileType = wrapper.framework; path = SpotifyAudioPlayback.framework; sourceTree = "<group>"; };
		D3BF38F21E38DD61001DF076 /* SpotifyAuthentication.framework */ = {isa = PBXFileReference; lastKnownFileType = wrapper.framework; path = SpotifyAuthentication.framework; sourceTree = "<group>"; };
		D3BF38F31E38DD61001DF076 /* SpotifyMetadata.framework */ = {isa = PBXFileReference; lastKnownFileType = wrapper.framework; path = SpotifyMetadata.framework; sourceTree = "<group>"; };
		D3C0CA791C6248E10055B650 /* rp2spot.app */ = {isa = PBXFileReference; explicitFileType = wrapper.application; includeInIndex = 0; path = rp2spot.app; sourceTree = BUILT_PRODUCTS_DIR; };
		D3C0CA7C1C6248E10055B650 /* AppDelegate.swift */ = {isa = PBXFileReference; lastKnownFileType = sourcecode.swift; path = AppDelegate.swift; sourceTree = "<group>"; };
		D3C0CA811C6248E10055B650 /* Base */ = {isa = PBXFileReference; lastKnownFileType = file.storyboard; name = Base; path = Base.lproj/Main.storyboard; sourceTree = "<group>"; };
		D3C0CA841C6248E10055B650 /* rp2spot.xcdatamodel */ = {isa = PBXFileReference; lastKnownFileType = wrapper.xcdatamodel; path = rp2spot.xcdatamodel; sourceTree = "<group>"; };
		D3C0CA861C6248E10055B650 /* Assets.xcassets */ = {isa = PBXFileReference; lastKnownFileType = folder.assetcatalog; path = Assets.xcassets; sourceTree = "<group>"; };
		D3C0CA891C6248E10055B650 /* Base */ = {isa = PBXFileReference; lastKnownFileType = file.storyboard; name = Base; path = Base.lproj/LaunchScreen.storyboard; sourceTree = "<group>"; };
		D3C0CA8B1C6248E10055B650 /* Info.plist */ = {isa = PBXFileReference; lastKnownFileType = text.plist.xml; path = Info.plist; sourceTree = "<group>"; };
		D3C0CA901C6248E10055B650 /* rp2spotTests.xctest */ = {isa = PBXFileReference; explicitFileType = wrapper.cfbundle; includeInIndex = 0; path = rp2spotTests.xctest; sourceTree = BUILT_PRODUCTS_DIR; };
		D3C0CA941C6248E10055B650 /* rp2spotTests.swift */ = {isa = PBXFileReference; lastKnownFileType = sourcecode.swift; path = rp2spotTests.swift; sourceTree = "<group>"; };
		D3C0CA961C6248E10055B650 /* Info.plist */ = {isa = PBXFileReference; lastKnownFileType = text.plist.xml; path = Info.plist; sourceTree = "<group>"; };
		D3C0CA9B1C6248E10055B650 /* rp2spotUITests.xctest */ = {isa = PBXFileReference; explicitFileType = wrapper.cfbundle; includeInIndex = 0; path = rp2spotUITests.xctest; sourceTree = BUILT_PRODUCTS_DIR; };
		D3C0CA9F1C6248E10055B650 /* rp2spotUITests.swift */ = {isa = PBXFileReference; lastKnownFileType = sourcecode.swift; path = rp2spotUITests.swift; sourceTree = "<group>"; };
		D3C0CAA11C6248E10055B650 /* Info.plist */ = {isa = PBXFileReference; lastKnownFileType = text.plist.xml; path = Info.plist; sourceTree = "<group>"; };
		D3C96A571C8E291A00CABFE1 /* HistoryBrowserViewController.swift */ = {isa = PBXFileReference; fileEncoding = 4; lastKnownFileType = sourcecode.swift; path = HistoryBrowserViewController.swift; sourceTree = "<group>"; };
		D3C98A051C86DCC700C2C9E4 /* HistoryDateSelectorViewController.swift */ = {isa = PBXFileReference; fileEncoding = 4; lastKnownFileType = sourcecode.swift; path = HistoryDateSelectorViewController.swift; sourceTree = "<group>"; };
		D3C98A081C86E5B800C2C9E4 /* DateSelectionAcceptingProtocol.swift */ = {isa = PBXFileReference; fileEncoding = 4; lastKnownFileType = sourcecode.swift; path = DateSelectionAcceptingProtocol.swift; sourceTree = "<group>"; };
		D3CEDF631E87CA89005BEF45 /* SpotifyAudioController.swift */ = {isa = PBXFileReference; fileEncoding = 4; lastKnownFileType = sourcecode.swift; path = SpotifyAudioController.swift; sourceTree = "<group>"; };
		D3D6FF441C8DD65100B7E8A6 /* AudioPlayerViewController.swift */ = {isa = PBXFileReference; fileEncoding = 4; lastKnownFileType = sourcecode.swift; path = AudioPlayerViewController.swift; sourceTree = "<group>"; };
		D3EF74F11CA40D75001A0662 /* SpotifyTrackInfoManager.swift */ = {isa = PBXFileReference; fileEncoding = 4; lastKnownFileType = sourcecode.swift; path = SpotifyTrackInfoManager.swift; sourceTree = "<group>"; };
		D3FC5E5B1C6F34B100443F68 /* AVFoundation.framework */ = {isa = PBXFileReference; lastKnownFileType = wrapper.framework; name = AVFoundation.framework; path = System/Library/Frameworks/AVFoundation.framework; sourceTree = SDKROOT; };
		D3FC5E5D1C6F34CA00443F68 /* SystemConfiguration.framework */ = {isa = PBXFileReference; lastKnownFileType = wrapper.framework; name = SystemConfiguration.framework; path = System/Library/Frameworks/SystemConfiguration.framework; sourceTree = SDKROOT; };
		D3FC5E5F1C6F368800443F68 /* rp2spot-Bridging.h */ = {isa = PBXFileReference; lastKnownFileType = sourcecode.c.h; path = "rp2spot-Bridging.h"; sourceTree = "<group>"; };
		D3FC5E601C6F542F00443F68 /* CoreData.framework */ = {isa = PBXFileReference; lastKnownFileType = wrapper.framework; name = CoreData.framework; path = System/Library/Frameworks/CoreData.framework; sourceTree = SDKROOT; };
		D3FC5E621C6F55F000443F68 /* CoreDataStack.swift */ = {isa = PBXFileReference; fileEncoding = 4; lastKnownFileType = sourcecode.swift; path = CoreDataStack.swift; sourceTree = "<group>"; };
		D3FC5E641C6F5AA100443F68 /* SpotifyClient.swift */ = {isa = PBXFileReference; fileEncoding = 4; lastKnownFileType = sourcecode.swift; path = SpotifyClient.swift; sourceTree = "<group>"; };
		D3FC5E661C6F5C0C00443F68 /* Constant.swift */ = {isa = PBXFileReference; fileEncoding = 4; lastKnownFileType = sourcecode.swift; path = Constant.swift; sourceTree = "<group>"; };
		D3FC5E681C6FC2BF00443F68 /* Secrets.swift */ = {isa = PBXFileReference; fileEncoding = 4; lastKnownFileType = sourcecode.swift; path = Secrets.swift; sourceTree = "<group>"; };
		D3FC5E6C1C70A1C500443F68 /* RadioParadise.swift */ = {isa = PBXFileReference; fileEncoding = 4; lastKnownFileType = sourcecode.swift; path = RadioParadise.swift; sourceTree = "<group>"; };
		D3FC5E6E1C70A51000443F68 /* PlayedSong+CoreDataProperties.swift */ = {isa = PBXFileReference; fileEncoding = 4; lastKnownFileType = sourcecode.swift; path = "PlayedSong+CoreDataProperties.swift"; sourceTree = "<group>"; };
		D3FC5E6F1C70A51000443F68 /* PlayedSong.swift */ = {isa = PBXFileReference; fileEncoding = 4; lastKnownFileType = sourcecode.swift; path = PlayedSong.swift; sourceTree = "<group>"; };
		D3FC5E731C70AFF100443F68 /* Date.swift */ = {isa = PBXFileReference; fileEncoding = 4; lastKnownFileType = sourcecode.swift; path = Date.swift; sourceTree = "<group>"; };
/* End PBXFileReference section */

/* Begin PBXFrameworksBuildPhase section */
		D3C0CA761C6248E10055B650 /* Frameworks */ = {
			isa = PBXFrameworksBuildPhase;
			buildActionMask = 2147483647;
			files = (
				D32228CB1E915B2500791DB4 /* CleanroomLogger.framework in Frameworks */,
				D3FC5E611C6F542F00443F68 /* CoreData.framework in Frameworks */,
				D3BF38F51E38DD61001DF076 /* SpotifyAuthentication.framework in Frameworks */,
				D3FC5E5E1C6F34CA00443F68 /* SystemConfiguration.framework in Frameworks */,
				D3FC5E5C1C6F34B100443F68 /* AVFoundation.framework in Frameworks */,
				D32228C71E915AC700791DB4 /* Alamofire.framework in Frameworks */,
				D3BF38F61E38DD61001DF076 /* SpotifyMetadata.framework in Frameworks */,
				D32228CD1E915B3000791DB4 /* Reachability.framework in Frameworks */,
				D3BF38F41E38DD61001DF076 /* SpotifyAudioPlayback.framework in Frameworks */,
				D32228C91E915B0500791DB4 /* AlamofireImage.framework in Frameworks */,
			);
			runOnlyForDeploymentPostprocessing = 0;
		};
		D3C0CA8D1C6248E10055B650 /* Frameworks */ = {
			isa = PBXFrameworksBuildPhase;
			buildActionMask = 2147483647;
			files = (
			);
			runOnlyForDeploymentPostprocessing = 0;
		};
		D3C0CA981C6248E10055B650 /* Frameworks */ = {
			isa = PBXFrameworksBuildPhase;
			buildActionMask = 2147483647;
			files = (
			);
			runOnlyForDeploymentPostprocessing = 0;
		};
/* End PBXFrameworksBuildPhase section */

/* Begin PBXGroup section */
		D3409D9D1C89EB850089DEC1 /* Spotify */ = {
			isa = PBXGroup;
			children = (
				D3FC5E641C6F5AA100443F68 /* SpotifyClient.swift */,
				D317D2461CA1B6ED0005F535 /* SpotifyAuthRenewalOperation.swift */,
				D3EF74F11CA40D75001A0662 /* SpotifyTrackInfoManager.swift */,
				D32FAC741CA42C960030AC71 /* SpotifyTrackMetadataOperation.swift */,
				D37E06A71E7E872E00FE818E /* Spotify+extensions.swift */,
			);
			name = Spotify;
			sourceTree = "<group>";
		};
		D345FC451C8CDD7F00F118B3 /* Core Extensions */ = {
			isa = PBXGroup;
			children = (
				D37A85731C7CF5E700F7B805 /* UIColor+extension.swift */,
				D345FC461C8CDDA300F118B3 /* Array+extension.swift */,
				D378C50F1C9D8A87006A9BF0 /* String+extension.swift */,
				D31AAFEB1CDF9F91005E1A0A /* UIGestureRecognizer+extension.swift */,
			);
			name = "Core Extensions";
			sourceTree = "<group>";
		};
		D37482221CA7EFF600193AD1 /* BottomRefreshControl */ = {
			isa = PBXGroup;
			children = (
				D37482241CA8528500193AD1 /* ScrollViewRefreshManager.swift */,
				D37482201CA7E1C600193AD1 /* ScrollViewRefreshControl.swift */,
				D37482261CA8619100193AD1 /* RefreshControlView.swift */,
				D374821E1CA7D89D00193AD1 /* RefreshOperation.swift */,
			);
			name = BottomRefreshControl;
			sourceTree = "<group>";
		};
		D37482231CA803BC00193AD1 /* Operations */ = {
			isa = PBXGroup;
			children = (
				D32FAC761CA42CEA0030AC71 /* ConcurrentOperation.swift */,
			);
			name = Operations;
			sourceTree = "<group>";
		};
		D3992AAE1C7A0A590077DDA7 /* Views */ = {
			isa = PBXGroup;
			children = (
				D3992AAF1C7A0A870077DDA7 /* PlainHistoryTableViewCell.swift */,
				D38839FE1C974B03001C4FE3 /* PlaylistTableViewCell.swift */,
			);
			name = Views;
			sourceTree = "<group>";
		};
		D3C0CA701C6248E10055B650 = {
			isa = PBXGroup;
			children = (
				D3FC5E551C6F2DE400443F68 /* Frameworks */,
				D3C0CA7B1C6248E10055B650 /* rp2spot */,
				D3C0CA931C6248E10055B650 /* rp2spotTests */,
				D3C0CA9E1C6248E10055B650 /* rp2spotUITests */,
				D3C0CA7A1C6248E10055B650 /* Products */,
			);
			sourceTree = "<group>";
		};
		D3C0CA7A1C6248E10055B650 /* Products */ = {
			isa = PBXGroup;
			children = (
				D3C0CA791C6248E10055B650 /* rp2spot.app */,
				D3C0CA901C6248E10055B650 /* rp2spotTests.xctest */,
				D3C0CA9B1C6248E10055B650 /* rp2spotUITests.xctest */,
			);
			name = Products;
			sourceTree = "<group>";
		};
		D3C0CA7B1C6248E10055B650 /* rp2spot */ = {
			isa = PBXGroup;
			children = (
				D3FC5E5F1C6F368800443F68 /* rp2spot-Bridging.h */,
				D345FC451C8CDD7F00F118B3 /* Core Extensions */,
				D37482231CA803BC00193AD1 /* Operations */,
				D3C98A071C86E56100C2C9E4 /* Protocols */,
				D3992AAE1C7A0A590077DDA7 /* Views */,
				D37482221CA7EFF600193AD1 /* BottomRefreshControl */,
				D3409D9D1C89EB850089DEC1 /* Spotify */,
				D3CEDF621E87CA53005BEF45 /* Controllers */,
				D3FC5E721C70A52200443F68 /* CoreData Models */,
				D3FC5E6B1C70A1B300443F68 /* Models */,
				D3FC5E681C6FC2BF00443F68 /* Secrets.swift */,
				D3FC5E621C6F55F000443F68 /* CoreDataStack.swift */,
				D3C0CA7C1C6248E10055B650 /* AppDelegate.swift */,
				D3C0CA801C6248E10055B650 /* Main.storyboard */,
				D3C0CA861C6248E10055B650 /* Assets.xcassets */,
				D3C0CA881C6248E10055B650 /* LaunchScreen.storyboard */,
				D3C0CA8B1C6248E10055B650 /* Info.plist */,
				D3C0CA831C6248E10055B650 /* rp2spot.xcdatamodeld */,
				D3AD910F1C7E0CA80076FE76 /* Utilities.swift */,
			);
			path = rp2spot;
			sourceTree = "<group>";
		};
		D3C0CA931C6248E10055B650 /* rp2spotTests */ = {
			isa = PBXGroup;
			children = (
				D3C0CA941C6248E10055B650 /* rp2spotTests.swift */,
				D3C0CA961C6248E10055B650 /* Info.plist */,
			);
			path = rp2spotTests;
			sourceTree = "<group>";
		};
		D3C0CA9E1C6248E10055B650 /* rp2spotUITests */ = {
			isa = PBXGroup;
			children = (
				D3C0CA9F1C6248E10055B650 /* rp2spotUITests.swift */,
				D3C0CAA11C6248E10055B650 /* Info.plist */,
			);
			path = rp2spotUITests;
			sourceTree = "<group>";
		};
		D3C98A071C86E56100C2C9E4 /* Protocols */ = {
			isa = PBXGroup;
			children = (
				D3C98A081C86E5B800C2C9E4 /* DateSelectionAcceptingProtocol.swift */,
				D3A9DF7D1C94B0F500141D06 /* AudioStatusObserver.swift */,
				D39E6E041E9ABAA800E38162 /* ErrorRecordingOperation.swift */,
			);
			name = Protocols;
			sourceTree = "<group>";
		};
		D3CEDF621E87CA53005BEF45 /* Controllers */ = {
			isa = PBXGroup;
			children = (
				D3FC5E6A1C70A14200443F68 /* View Controllers */,
				D3CEDF631E87CA89005BEF45 /* SpotifyAudioController.swift */,
			);
			name = Controllers;
			sourceTree = "<group>";
		};
		D3FC5E551C6F2DE400443F68 /* Frameworks */ = {
			isa = PBXGroup;
			children = (
				D32228C61E915AC700791DB4 /* Alamofire.framework */,
				D32228C81E915B0500791DB4 /* AlamofireImage.framework */,
				D32228CA1E915B2500791DB4 /* CleanroomLogger.framework */,
				D32228CC1E915B3000791DB4 /* Reachability.framework */,
				D3BF38F11E38DD61001DF076 /* SpotifyAudioPlayback.framework */,
				D3BF38F21E38DD61001DF076 /* SpotifyAuthentication.framework */,
				D3BF38F31E38DD61001DF076 /* SpotifyMetadata.framework */,
				D3FC5E601C6F542F00443F68 /* CoreData.framework */,
				D3FC5E5D1C6F34CA00443F68 /* SystemConfiguration.framework */,
				D3FC5E5B1C6F34B100443F68 /* AVFoundation.framework */,
			);
			name = Frameworks;
			sourceTree = "<group>";
		};
		D3FC5E6A1C70A14200443F68 /* View Controllers */ = {
			isa = PBXGroup;
			children = (
				D3C96A571C8E291A00CABFE1 /* HistoryBrowserViewController.swift */,
				D361C7271C90C1B9000B803E /* SongInfoViewController.swift */,
				D38839FC1C9749AA001C4FE3 /* PlaylistViewController.swift */,
				D352855E1C9C986900F8DC94 /* PlaylistCreationViewController.swift */,
				D3C98A051C86DCC700C2C9E4 /* HistoryDateSelectorViewController.swift */,
				D3D6FF441C8DD65100B7E8A6 /* AudioPlayerViewController.swift */,
				D32EA3721CAAB2440024B598 /* UserSettingsViewController.swift */,
				D37E06A51E7D89BC00FE818E /* SpotifyStreamingQualityViewController.swift */,
			);
			name = "View Controllers";
			sourceTree = "<group>";
		};
		D3FC5E6B1C70A1B300443F68 /* Models */ = {
			isa = PBXGroup;
			children = (
				D3FC5E661C6F5C0C00443F68 /* Constant.swift */,
				D3FC5E6C1C70A1C500443F68 /* RadioParadise.swift */,
				D3FC5E731C70AFF100443F68 /* Date.swift */,
				D379645E1C70C7B9001FC20E /* PlayedSongData.swift */,
				D37964601C70C862001FC20E /* Alamofire-extensions.swift */,
				D39992631C81E4FF008AECD4 /* UserSetting.swift */,
				D39DA47D1C91F29500FC12F8 /* AudioPlayerPlaylist.swift */,
				D39DA47F1C91FD9D00FC12F8 /* PlayedSongDataManager.swift */,
				D3B922D51C9B299200B60CE3 /* LocalPlaylistSongs.swift */,
				59A682D22ACFF03EE01BD0A5 /* Platform.swift */,
				59A68190817C581FD7941EAA /* SpotifyTrackInfo.swift */,
			);
			name = Models;
			sourceTree = "<group>";
		};
		D3FC5E721C70A52200443F68 /* CoreData Models */ = {
			isa = PBXGroup;
			children = (
				D3FC5E6E1C70A51000443F68 /* PlayedSong+CoreDataProperties.swift */,
				D3FC5E6F1C70A51000443F68 /* PlayedSong.swift */,
			);
			name = "CoreData Models";
			sourceTree = "<group>";
		};
/* End PBXGroup section */

/* Begin PBXNativeTarget section */
		D3C0CA781C6248E10055B650 /* rp2spot */ = {
			isa = PBXNativeTarget;
			buildConfigurationList = D3C0CAA41C6248E10055B650 /* Build configuration list for PBXNativeTarget "rp2spot" */;
			buildPhases = (
				D3C0CA751C6248E10055B650 /* Sources */,
				D3C0CA761C6248E10055B650 /* Frameworks */,
				D3C0CA771C6248E10055B650 /* Resources */,
				D3FC5E5A1C6F2F0A00443F68 /* ShellScript */,
			);
			buildRules = (
			);
			dependencies = (
			);
			name = rp2spot;
			productName = rp2spot;
			productReference = D3C0CA791C6248E10055B650 /* rp2spot.app */;
			productType = "com.apple.product-type.application";
		};
		D3C0CA8F1C6248E10055B650 /* rp2spotTests */ = {
			isa = PBXNativeTarget;
			buildConfigurationList = D3C0CAA71C6248E10055B650 /* Build configuration list for PBXNativeTarget "rp2spotTests" */;
			buildPhases = (
				D3C0CA8C1C6248E10055B650 /* Sources */,
				D3C0CA8D1C6248E10055B650 /* Frameworks */,
				D3C0CA8E1C6248E10055B650 /* Resources */,
			);
			buildRules = (
			);
			dependencies = (
				D3C0CA921C6248E10055B650 /* PBXTargetDependency */,
			);
			name = rp2spotTests;
			productName = rp2spotTests;
			productReference = D3C0CA901C6248E10055B650 /* rp2spotTests.xctest */;
			productType = "com.apple.product-type.bundle.unit-test";
		};
		D3C0CA9A1C6248E10055B650 /* rp2spotUITests */ = {
			isa = PBXNativeTarget;
			buildConfigurationList = D3C0CAAA1C6248E10055B650 /* Build configuration list for PBXNativeTarget "rp2spotUITests" */;
			buildPhases = (
				D3C0CA971C6248E10055B650 /* Sources */,
				D3C0CA981C6248E10055B650 /* Frameworks */,
				D3C0CA991C6248E10055B650 /* Resources */,
			);
			buildRules = (
			);
			dependencies = (
				D3C0CA9D1C6248E10055B650 /* PBXTargetDependency */,
			);
			name = rp2spotUITests;
			productName = rp2spotUITests;
			productReference = D3C0CA9B1C6248E10055B650 /* rp2spotUITests.xctest */;
			productType = "com.apple.product-type.bundle.ui-testing";
		};
/* End PBXNativeTarget section */

/* Begin PBXProject section */
		D3C0CA711C6248E10055B650 /* Project object */ = {
			isa = PBXProject;
			attributes = {
				LastSwiftUpdateCheck = 0720;
				LastUpgradeCheck = 0810;
				ORGANIZATIONNAME = "truckin'";
				TargetAttributes = {
					D3C0CA781C6248E10055B650 = {
						CreatedOnToolsVersion = 7.2;
						DevelopmentTeam = HCVHR6ZGAM;
						LastSwiftMigration = 0810;
						SystemCapabilities = {
							com.apple.BackgroundModes = {
								enabled = 1;
							};
						};
					};
					D3C0CA8F1C6248E10055B650 = {
						CreatedOnToolsVersion = 7.2;
						LastSwiftMigration = 0810;
						TestTargetID = D3C0CA781C6248E10055B650;
					};
					D3C0CA9A1C6248E10055B650 = {
						CreatedOnToolsVersion = 7.2;
						LastSwiftMigration = 0810;
						TestTargetID = D3C0CA781C6248E10055B650;
					};
				};
			};
			buildConfigurationList = D3C0CA741C6248E10055B650 /* Build configuration list for PBXProject "rp2spot" */;
			compatibilityVersion = "Xcode 3.2";
			developmentRegion = English;
			hasScannedForEncodings = 0;
			knownRegions = (
				en,
				Base,
			);
			mainGroup = D3C0CA701C6248E10055B650;
			productRefGroup = D3C0CA7A1C6248E10055B650 /* Products */;
			projectDirPath = "";
			projectRoot = "";
			targets = (
				D3C0CA781C6248E10055B650 /* rp2spot */,
				D3C0CA8F1C6248E10055B650 /* rp2spotTests */,
				D3C0CA9A1C6248E10055B650 /* rp2spotUITests */,
			);
		};
/* End PBXProject section */

/* Begin PBXResourcesBuildPhase section */
		D3C0CA771C6248E10055B650 /* Resources */ = {
			isa = PBXResourcesBuildPhase;
			buildActionMask = 2147483647;
			files = (
				D3C0CA8A1C6248E10055B650 /* LaunchScreen.storyboard in Resources */,
				D3C0CA871C6248E10055B650 /* Assets.xcassets in Resources */,
				D3C0CA821C6248E10055B650 /* Main.storyboard in Resources */,
			);
			runOnlyForDeploymentPostprocessing = 0;
		};
		D3C0CA8E1C6248E10055B650 /* Resources */ = {
			isa = PBXResourcesBuildPhase;
			buildActionMask = 2147483647;
			files = (
			);
			runOnlyForDeploymentPostprocessing = 0;
		};
		D3C0CA991C6248E10055B650 /* Resources */ = {
			isa = PBXResourcesBuildPhase;
			buildActionMask = 2147483647;
			files = (
			);
			runOnlyForDeploymentPostprocessing = 0;
		};
/* End PBXResourcesBuildPhase section */

/* Begin PBXShellScriptBuildPhase section */
		D3FC5E5A1C6F2F0A00443F68 /* ShellScript */ = {
			isa = PBXShellScriptBuildPhase;
			buildActionMask = 2147483647;
			files = (
			);
			inputPaths = (
				"$(SRCROOT)/Carthage/Build/iOS/Alamofire.framework",
				"$(SRCROOT)/Carthage/Build/iOS/AlamofireImage.framework",
				"$(SRCROOT)/Carthage/Build/iOS/CleanroomLogger.framework",
				"$(SRCROOT)/Carthage/Build/iOS/Reachability.framework",
			);
			outputPaths = (
			);
			runOnlyForDeploymentPostprocessing = 0;
			shellPath = /bin/sh;
			shellScript = "/usr/local/bin/carthage copy-frameworks";
		};
/* End PBXShellScriptBuildPhase section */

/* Begin PBXSourcesBuildPhase section */
		D3C0CA751C6248E10055B650 /* Sources */ = {
			isa = PBXSourcesBuildPhase;
			buildActionMask = 2147483647;
			files = (
				D352855F1C9C986900F8DC94 /* PlaylistCreationViewController.swift in Sources */,
				D3FC5E701C70A51000443F68 /* PlayedSong+CoreDataProperties.swift in Sources */,
				D3D6FF451C8DD65100B7E8A6 /* AudioPlayerViewController.swift in Sources */,
				D3992AB01C7A0A870077DDA7 /* PlainHistoryTableViewCell.swift in Sources */,
				D3A9DF7E1C94B0F500141D06 /* AudioStatusObserver.swift in Sources */,
				D3FC5E711C70A51000443F68 /* PlayedSong.swift in Sources */,
				D37482251CA8528500193AD1 /* ScrollViewRefreshManager.swift in Sources */,
				D37964611C70C862001FC20E /* Alamofire-extensions.swift in Sources */,
				D378C5101C9D8A87006A9BF0 /* String+extension.swift in Sources */,
				D3C0CA851C6248E10055B650 /* rp2spot.xcdatamodeld in Sources */,
				D37E06A61E7D89BC00FE818E /* SpotifyStreamingQualityViewController.swift in Sources */,
				D39DA47E1C91F29500FC12F8 /* AudioPlayerPlaylist.swift in Sources */,
				D3FC5E651C6F5AA100443F68 /* SpotifyClient.swift in Sources */,
				D379645F1C70C7B9001FC20E /* PlayedSongData.swift in Sources */,
				D374821F1CA7D89D00193AD1 /* RefreshOperation.swift in Sources */,
				D3FC5E691C6FC2BF00443F68 /* Secrets.swift in Sources */,
				D39992641C81E500008AECD4 /* UserSetting.swift in Sources */,
				D37482271CA8619100193AD1 /* RefreshControlView.swift in Sources */,
				D37482211CA7E1C600193AD1 /* ScrollViewRefreshControl.swift in Sources */,
				D3AD91101C7E0CA80076FE76 /* Utilities.swift in Sources */,
				D38839FD1C9749AA001C4FE3 /* PlaylistViewController.swift in Sources */,
				D32FAC771CA42CEA0030AC71 /* ConcurrentOperation.swift in Sources */,
				D317D2471CA1B6ED0005F535 /* SpotifyAuthRenewalOperation.swift in Sources */,
				D345FC471C8CDDA300F118B3 /* Array+extension.swift in Sources */,
				D3C0CA7D1C6248E10055B650 /* AppDelegate.swift in Sources */,
				D3FC5E631C6F55F000443F68 /* CoreDataStack.swift in Sources */,
				D3FC5E741C70AFF100443F68 /* Date.swift in Sources */,
				D3C98A091C86E5B800C2C9E4 /* DateSelectionAcceptingProtocol.swift in Sources */,
				D37E06A81E7E872E00FE818E /* Spotify+extensions.swift in Sources */,
				D3CEDF641E87CA89005BEF45 /* SpotifyAudioController.swift in Sources */,
				D3C96A581C8E291A00CABFE1 /* HistoryBrowserViewController.swift in Sources */,
				D3B922D61C9B299200B60CE3 /* LocalPlaylistSongs.swift in Sources */,
				D361C7281C90C1B9000B803E /* SongInfoViewController.swift in Sources */,
				D3EF74F21CA40D75001A0662 /* SpotifyTrackInfoManager.swift in Sources */,
				D37A85741C7CF5E700F7B805 /* UIColor+extension.swift in Sources */,
				D38839FF1C974B03001C4FE3 /* PlaylistTableViewCell.swift in Sources */,
				D3FC5E6D1C70A1C500443F68 /* RadioParadise.swift in Sources */,
				D39DA4801C91FD9D00FC12F8 /* PlayedSongDataManager.swift in Sources */,
				D31AAFEC1CDF9F91005E1A0A /* UIGestureRecognizer+extension.swift in Sources */,
				D32EA3731CAAB2440024B598 /* UserSettingsViewController.swift in Sources */,
				D3C98A061C86DCC700C2C9E4 /* HistoryDateSelectorViewController.swift in Sources */,
				D3FC5E671C6F5C0C00443F68 /* Constant.swift in Sources */,
				D32FAC751CA42C960030AC71 /* SpotifyTrackMetadataOperation.swift in Sources */,
				59A68B26E307DB90E09D7C8A /* Platform.swift in Sources */,
				D39E6E051E9ABAA800E38162 /* ErrorRecordingOperation.swift in Sources */,
				59A68EDB8A31F586CF8004E7 /* SpotifyTrackInfo.swift in Sources */,
			);
			runOnlyForDeploymentPostprocessing = 0;
		};
		D3C0CA8C1C6248E10055B650 /* Sources */ = {
			isa = PBXSourcesBuildPhase;
			buildActionMask = 2147483647;
			files = (
				D3C0CA951C6248E10055B650 /* rp2spotTests.swift in Sources */,
			);
			runOnlyForDeploymentPostprocessing = 0;
		};
		D3C0CA971C6248E10055B650 /* Sources */ = {
			isa = PBXSourcesBuildPhase;
			buildActionMask = 2147483647;
			files = (
				D3C0CAA01C6248E10055B650 /* rp2spotUITests.swift in Sources */,
			);
			runOnlyForDeploymentPostprocessing = 0;
		};
/* End PBXSourcesBuildPhase section */

/* Begin PBXTargetDependency section */
		D3C0CA921C6248E10055B650 /* PBXTargetDependency */ = {
			isa = PBXTargetDependency;
			target = D3C0CA781C6248E10055B650 /* rp2spot */;
			targetProxy = D3C0CA911C6248E10055B650 /* PBXContainerItemProxy */;
		};
		D3C0CA9D1C6248E10055B650 /* PBXTargetDependency */ = {
			isa = PBXTargetDependency;
			target = D3C0CA781C6248E10055B650 /* rp2spot */;
			targetProxy = D3C0CA9C1C6248E10055B650 /* PBXContainerItemProxy */;
		};
/* End PBXTargetDependency section */

/* Begin PBXVariantGroup section */
		D3C0CA801C6248E10055B650 /* Main.storyboard */ = {
			isa = PBXVariantGroup;
			children = (
				D3C0CA811C6248E10055B650 /* Base */,
			);
			name = Main.storyboard;
			sourceTree = "<group>";
		};
		D3C0CA881C6248E10055B650 /* LaunchScreen.storyboard */ = {
			isa = PBXVariantGroup;
			children = (
				D3C0CA891C6248E10055B650 /* Base */,
			);
			name = LaunchScreen.storyboard;
			sourceTree = "<group>";
		};
/* End PBXVariantGroup section */

/* Begin XCBuildConfiguration section */
		D3C0CAA21C6248E10055B650 /* Debug */ = {
			isa = XCBuildConfiguration;
			buildSettings = {
				ALWAYS_SEARCH_USER_PATHS = NO;
				CLANG_CXX_LANGUAGE_STANDARD = "gnu++0x";
				CLANG_CXX_LIBRARY = "libc++";
				CLANG_ENABLE_MODULES = YES;
				CLANG_ENABLE_OBJC_ARC = YES;
				CLANG_WARN_BOOL_CONVERSION = YES;
				CLANG_WARN_CONSTANT_CONVERSION = YES;
				CLANG_WARN_DIRECT_OBJC_ISA_USAGE = YES_ERROR;
				CLANG_WARN_EMPTY_BODY = YES;
				CLANG_WARN_ENUM_CONVERSION = YES;
				CLANG_WARN_INFINITE_RECURSION = YES;
				CLANG_WARN_INT_CONVERSION = YES;
				CLANG_WARN_OBJC_ROOT_CLASS = YES_ERROR;
				CLANG_WARN_SUSPICIOUS_MOVE = YES;
				CLANG_WARN_UNREACHABLE_CODE = YES;
				CLANG_WARN__DUPLICATE_METHOD_MATCH = YES;
				"CODE_SIGN_IDENTITY[sdk=iphoneos*]" = "iPhone Developer";
				COPY_PHASE_STRIP = NO;
				DEBUG_INFORMATION_FORMAT = dwarf;
				ENABLE_STRICT_OBJC_MSGSEND = YES;
				ENABLE_TESTABILITY = YES;
				GCC_C_LANGUAGE_STANDARD = gnu99;
				GCC_DYNAMIC_NO_PIC = NO;
				GCC_NO_COMMON_BLOCKS = YES;
				GCC_OPTIMIZATION_LEVEL = 0;
				GCC_PREPROCESSOR_DEFINITIONS = (
					"DEBUG=1",
					"$(inherited)",
				);
				GCC_WARN_64_TO_32_BIT_CONVERSION = YES;
				GCC_WARN_ABOUT_RETURN_TYPE = YES_ERROR;
				GCC_WARN_UNDECLARED_SELECTOR = YES;
				GCC_WARN_UNINITIALIZED_AUTOS = YES_AGGRESSIVE;
				GCC_WARN_UNUSED_FUNCTION = YES;
				GCC_WARN_UNUSED_VARIABLE = YES;
				IPHONEOS_DEPLOYMENT_TARGET = 10.2;
				MTL_ENABLE_DEBUG_INFO = YES;
				ONLY_ACTIVE_ARCH = YES;
				SDKROOT = iphoneos;
				SWIFT_OPTIMIZATION_LEVEL = "-Onone";
				TARGETED_DEVICE_FAMILY = "1,2";
			};
			name = Debug;
		};
		D3C0CAA31C6248E10055B650 /* Release */ = {
			isa = XCBuildConfiguration;
			buildSettings = {
				ALWAYS_SEARCH_USER_PATHS = NO;
				CLANG_CXX_LANGUAGE_STANDARD = "gnu++0x";
				CLANG_CXX_LIBRARY = "libc++";
				CLANG_ENABLE_MODULES = YES;
				CLANG_ENABLE_OBJC_ARC = YES;
				CLANG_WARN_BOOL_CONVERSION = YES;
				CLANG_WARN_CONSTANT_CONVERSION = YES;
				CLANG_WARN_DIRECT_OBJC_ISA_USAGE = YES_ERROR;
				CLANG_WARN_EMPTY_BODY = YES;
				CLANG_WARN_ENUM_CONVERSION = YES;
				CLANG_WARN_INFINITE_RECURSION = YES;
				CLANG_WARN_INT_CONVERSION = YES;
				CLANG_WARN_OBJC_ROOT_CLASS = YES_ERROR;
				CLANG_WARN_SUSPICIOUS_MOVE = YES;
				CLANG_WARN_UNREACHABLE_CODE = YES;
				CLANG_WARN__DUPLICATE_METHOD_MATCH = YES;
				"CODE_SIGN_IDENTITY[sdk=iphoneos*]" = "iPhone Developer";
				COPY_PHASE_STRIP = NO;
				DEBUG_INFORMATION_FORMAT = "dwarf-with-dsym";
				ENABLE_NS_ASSERTIONS = NO;
				ENABLE_STRICT_OBJC_MSGSEND = YES;
				GCC_C_LANGUAGE_STANDARD = gnu99;
				GCC_NO_COMMON_BLOCKS = YES;
				GCC_WARN_64_TO_32_BIT_CONVERSION = YES;
				GCC_WARN_ABOUT_RETURN_TYPE = YES_ERROR;
				GCC_WARN_UNDECLARED_SELECTOR = YES;
				GCC_WARN_UNINITIALIZED_AUTOS = YES_AGGRESSIVE;
				GCC_WARN_UNUSED_FUNCTION = YES;
				GCC_WARN_UNUSED_VARIABLE = YES;
				IPHONEOS_DEPLOYMENT_TARGET = 10.2;
				MTL_ENABLE_DEBUG_INFO = NO;
				SDKROOT = iphoneos;
				SWIFT_OPTIMIZATION_LEVEL = "-Owholemodule";
				TARGETED_DEVICE_FAMILY = "1,2";
				VALIDATE_PRODUCT = YES;
			};
			name = Release;
		};
		D3C0CAA51C6248E10055B650 /* Debug */ = {
			isa = XCBuildConfiguration;
			buildSettings = {
				ASSETCATALOG_COMPILER_APPICON_NAME = AppIcon;
				CODE_SIGN_IDENTITY = "iPhone Developer";
				"CODE_SIGN_IDENTITY[sdk=iphoneos*]" = "iPhone Developer";
				ENABLE_BITCODE = NO;
				FRAMEWORK_SEARCH_PATHS = (
					"$(inherited)",
					"$(PROJECT_DIR)",
					"$(PROJECT_DIR)/Carthage/Build/iOS",
				);
				INFOPLIST_FILE = rp2spot/Info.plist;
				IPHONEOS_DEPLOYMENT_TARGET = 9.3;
				LD_RUNPATH_SEARCH_PATHS = "$(inherited) @executable_path/Frameworks";
				"OTHER_LDFLAGS[arch=*]" = "-ObjC";
				PRODUCT_BUNDLE_IDENTIFIER = ch.truckin.rphistory;
				PRODUCT_NAME = "$(TARGET_NAME)";
				PROVISIONING_PROFILE = "";
				SWIFT_OBJC_BRIDGING_HEADER = "rp2spot/rp2spot-Bridging.h";
				SWIFT_VERSION = 3.0;
			};
			name = Debug;
		};
		D3C0CAA61C6248E10055B650 /* Release */ = {
			isa = XCBuildConfiguration;
			buildSettings = {
				ASSETCATALOG_COMPILER_APPICON_NAME = AppIcon;
				CODE_SIGN_IDENTITY = "iPhone Developer";
				"CODE_SIGN_IDENTITY[sdk=iphoneos*]" = "iPhone Developer";
				ENABLE_BITCODE = NO;
				FRAMEWORK_SEARCH_PATHS = (
					"$(inherited)",
					"$(PROJECT_DIR)",
					"$(PROJECT_DIR)/Carthage/Build/iOS",
				);
				INFOPLIST_FILE = rp2spot/Info.plist;
				IPHONEOS_DEPLOYMENT_TARGET = 9.3;
				LD_RUNPATH_SEARCH_PATHS = "$(inherited) @executable_path/Frameworks";
				"OTHER_LDFLAGS[arch=*]" = "-ObjC";
				PRODUCT_BUNDLE_IDENTIFIER = ch.truckin.rphistory;
				PRODUCT_NAME = "$(TARGET_NAME)";
				PROVISIONING_PROFILE = "";
				SWIFT_OBJC_BRIDGING_HEADER = "rp2spot/rp2spot-Bridging.h";
				SWIFT_VERSION = 3.0;
			};
			name = Release;
		};
		D3C0CAA81C6248E10055B650 /* Debug */ = {
			isa = XCBuildConfiguration;
			buildSettings = {
				BUNDLE_LOADER = "$(TEST_HOST)";
				INFOPLIST_FILE = rp2spotTests/Info.plist;
				LD_RUNPATH_SEARCH_PATHS = "$(inherited) @executable_path/Frameworks @loader_path/Frameworks";
				PRODUCT_BUNDLE_IDENTIFIER = ch.truckin.rp2spotTests;
				PRODUCT_NAME = "$(TARGET_NAME)";
				SWIFT_VERSION = 3.0;
				TEST_HOST = "$(BUILT_PRODUCTS_DIR)/rp2spot.app/rp2spot";
			};
			name = Debug;
		};
		D3C0CAA91C6248E10055B650 /* Release */ = {
			isa = XCBuildConfiguration;
			buildSettings = {
				BUNDLE_LOADER = "$(TEST_HOST)";
				INFOPLIST_FILE = rp2spotTests/Info.plist;
				LD_RUNPATH_SEARCH_PATHS = "$(inherited) @executable_path/Frameworks @loader_path/Frameworks";
				PRODUCT_BUNDLE_IDENTIFIER = ch.truckin.rp2spotTests;
				PRODUCT_NAME = "$(TARGET_NAME)";
				SWIFT_VERSION = 3.0;
				TEST_HOST = "$(BUILT_PRODUCTS_DIR)/rp2spot.app/rp2spot";
			};
			name = Release;
		};
		D3C0CAAB1C6248E10055B650 /* Debug */ = {
			isa = XCBuildConfiguration;
			buildSettings = {
				INFOPLIST_FILE = rp2spotUITests/Info.plist;
				LD_RUNPATH_SEARCH_PATHS = "$(inherited) @executable_path/Frameworks @loader_path/Frameworks";
				PRODUCT_BUNDLE_IDENTIFIER = ch.truckin.rp2spotUITests;
				PRODUCT_NAME = "$(TARGET_NAME)";
				SWIFT_VERSION = 3.0;
				TEST_TARGET_NAME = rp2spot;
				USES_XCTRUNNER = YES;
			};
			name = Debug;
		};
		D3C0CAAC1C6248E10055B650 /* Release */ = {
			isa = XCBuildConfiguration;
			buildSettings = {
				INFOPLIST_FILE = rp2spotUITests/Info.plist;
				LD_RUNPATH_SEARCH_PATHS = "$(inherited) @executable_path/Frameworks @loader_path/Frameworks";
				PRODUCT_BUNDLE_IDENTIFIER = ch.truckin.rp2spotUITests;
				PRODUCT_NAME = "$(TARGET_NAME)";
				SWIFT_VERSION = 3.0;
				TEST_TARGET_NAME = rp2spot;
				USES_XCTRUNNER = YES;
			};
			name = Release;
		};
/* End XCBuildConfiguration section */

/* Begin XCConfigurationList section */
		D3C0CA741C6248E10055B650 /* Build configuration list for PBXProject "rp2spot" */ = {
			isa = XCConfigurationList;
			buildConfigurations = (
				D3C0CAA21C6248E10055B650 /* Debug */,
				D3C0CAA31C6248E10055B650 /* Release */,
			);
			defaultConfigurationIsVisible = 0;
			defaultConfigurationName = Release;
		};
		D3C0CAA41C6248E10055B650 /* Build configuration list for PBXNativeTarget "rp2spot" */ = {
			isa = XCConfigurationList;
			buildConfigurations = (
				D3C0CAA51C6248E10055B650 /* Debug */,
				D3C0CAA61C6248E10055B650 /* Release */,
			);
			defaultConfigurationIsVisible = 0;
			defaultConfigurationName = Release;
		};
		D3C0CAA71C6248E10055B650 /* Build configuration list for PBXNativeTarget "rp2spotTests" */ = {
			isa = XCConfigurationList;
			buildConfigurations = (
				D3C0CAA81C6248E10055B650 /* Debug */,
				D3C0CAA91C6248E10055B650 /* Release */,
			);
			defaultConfigurationIsVisible = 0;
			defaultConfigurationName = Release;
		};
		D3C0CAAA1C6248E10055B650 /* Build configuration list for PBXNativeTarget "rp2spotUITests" */ = {
			isa = XCConfigurationList;
			buildConfigurations = (
				D3C0CAAB1C6248E10055B650 /* Debug */,
				D3C0CAAC1C6248E10055B650 /* Release */,
			);
			defaultConfigurationIsVisible = 0;
			defaultConfigurationName = Release;
		};
/* End XCConfigurationList section */

/* Begin XCVersionGroup section */
		D3C0CA831C6248E10055B650 /* rp2spot.xcdatamodeld */ = {
			isa = XCVersionGroup;
			children = (
				D3C0CA841C6248E10055B650 /* rp2spot.xcdatamodel */,
			);
			currentVersion = D3C0CA841C6248E10055B650 /* rp2spot.xcdatamodel */;
			path = rp2spot.xcdatamodeld;
			sourceTree = "<group>";
			versionGroupType = wrapper.xcdatamodel;
		};
/* End XCVersionGroup section */
	};
	rootObject = D3C0CA711C6248E10055B650 /* Project object */;
}
